{
  "nodes": {
    "ags": {
      "inputs": {
        "astal": [
          "astal"
        ],
        "nixpkgs": [
          "nixpkgs"
        ]
      },
      "locked": {
        "lastModified": 1758577685,
        "narHash": "sha256-iHT0kvsQJG+Z89quGi7rNCXEg2e3DBGfuuCMu/UwiIo=",
        "owner": "aylur",
        "repo": "ags",
        "rev": "aa7a8a2dd6e54aaeb4e13a73ed3bc2283995090b",
        "type": "github"
      },
      "original": {
        "owner": "aylur",
        "repo": "ags",
        "type": "github"
      }
    },
    "astal": {
      "inputs": {
        "nixpkgs": [
          "nixpkgs"
        ]
      },
      "locked": {
        "lastModified": 1757497936,
        "narHash": "sha256-BSfvr7wdY5SbathVlrOW7vCyI9UGVIe2b9rTJ0O5IKo=",
        "owner": "aylur",
        "repo": "astal",
        "rev": "344a6dce56437a190b99e516a6cab8332cccf19e",
        "type": "github"
      },
      "original": {
        "owner": "aylur",
        "repo": "astal",
        "type": "github"
      }
    },
    "fenix": {
      "inputs": {
        "nixpkgs": [
          "nixpkgs"
        ],
        "rust-analyzer-src": "rust-analyzer-src"
      },
      "locked": {
        "lastModified": 1758695884,
        "narHash": "sha256-rnHjtBRkcwRkrUZxg0RqN1qWTG+QC/gj4vn9uzEkBww=",
        "owner": "nix-community",
        "repo": "fenix",
        "rev": "9cdb79384d02234fb2868eba6c7d390253ef6f83",
        "type": "github"
      },
      "original": {
        "owner": "nix-community",
        "repo": "fenix",
        "type": "github"
      }
    },
    "home-manager": {
      "inputs": {
        "nixpkgs": [
          "nixpkgs"
        ]
      },
      "locked": {
        "lastModified": 1758692005,
        "narHash": "sha256-bNRMXWSLM4K9cF1YaHYjLol60KIAWW4GzAoJDp5tA0w=",
        "owner": "nix-community",
        "repo": "home-manager",
        "rev": "6ce2e18007ff022db41d9cc042f8838e8c51ed66",
        "type": "github"
      },
      "original": {
        "owner": "nix-community",
        "repo": "home-manager",
        "type": "github"
      }
    },
    "nixpkgs": {
      "locked": {
        "lastModified": 1758427187,
        "narHash": "sha256-pHpxZ/IyCwoTQPtFIAG2QaxuSm8jWzrzBGjwQZIttJc=",
        "owner": "nixos",
        "repo": "nixpkgs",
        "rev": "554be6495561ff07b6c724047bdd7e0716aa7b46",
        "type": "github"
      },
      "original": {
        "owner": "nixos",
        "ref": "nixos-unstable",
        "repo": "nixpkgs",
        "type": "github"
      }
    },
    "root": {
      "inputs": {
        "ags": "ags",
        "astal": "astal",
        "fenix": "fenix",
        "home-manager": "home-manager",
        "nixpkgs": "nixpkgs"
      }
    },
    "rust-analyzer-src": {
      "flake": false,
      "locked": {
        "lastModified": 1758620797,
        "narHash": "sha256-Ly4rHgrixFMBnkbMursVt74mxnntnE6yVdF5QellJ+A=",
        "owner": "rust-lang",
        "repo": "rust-analyzer",
        "rev": "905641f3520230ad6ef421bcf5da9c6b49f2479b",
        "type": "github"
      },
      "original": {
        "owner": "rust-lang",
        "ref": "nightly",
        "repo": "rust-analyzer",
        "type": "github"
      }
    }
  },
  "root": "root",
  "version": 7
}
